
Microsoft Visual Studio Solution File, Format Version 12.00
# Visual Studio 15
VisualStudioVersion = 15.0.28307.271
MinimumVisualStudioVersion = 10.0.40219.1
Project("{FAE04EC0-301F-11D3-BF4B-00C04F79EFBC}") = "EmgucvApp", "EmgucvApp\EmgucvApp.csproj", "{09748D1D-E501-42B2-9D7E-853F06758F60}"
EndProject
Project("{FAE04EC0-301F-11D3-BF4B-00C04F79EFBC}") = "FaceRecognitionDotNetApp", "FaceRecognitionDotNetApp\FaceRecognitionDotNetApp.csproj", "{E9A3B209-3F0A-48F3-9893-374E55F1AA49}"
EndProject
Project("{FAE04EC0-301F-11D3-BF4B-00C04F79EFBC}") = "OpencvSharpApp", "OpencvSharpApp\OpencvSharpApp.csproj", "{250B6A83-49B8-4E23-94A3-56771DA6D6A3}"
EndProject
Global
	GlobalSection(SolutionConfigurationPlatforms) = preSolution
		Debug|Any CPU = Debug|Any CPU
		Release|Any CPU = Release|Any CPU
	EndGlobalSection
	GlobalSection(ProjectConfigurationPlatforms) = postSolution
		{09748D1D-E501-42B2-9D7E-853F06758F60}.Debug|Any CPU.ActiveCfg = Debug|Any CPU
		{09748D1D-E501-42B2-9D7E-853F06758F60}.Debug|Any CPU.Build.0 = Debug|Any CPU
		{09748D1D-E501-42B2-9D7E-853F06758F60}.Release|Any CPU.ActiveCfg = Release|Any CPU
		{09748D1D-E501-42B2-9D7E-853F06758F60}.Release|Any CPU.Build.0 = Release|Any CPU
		{E9A3B209-3F0A-48F3-9893-374E55F1AA49}.Debug|Any CPU.ActiveCfg = Debug|Any CPU
		{E9A3B209-3F0A-48F3-9893-374E55F1AA49}.Debug|Any CPU.Build.0 = Debug|Any CPU
		{E9A3B209-3F0A-48F3-9893-374E55F1AA49}.Release|Any CPU.ActiveCfg = Release|Any CPU
		{E9A3B209-3F0A-48F3-9893-374E55F1AA49}.Release|Any CPU.Build.0 = Release|Any CPU
		{250B6A83-49B8-4E23-94A3-56771DA6D6A3}.Debug|Any CPU.ActiveCfg = Debug|Any CPU
		{250B6A83-49B8-4E23-94A3-56771DA6D6A3}.Debug|Any CPU.Build.0 = Debug|Any CPU
		{250B6A83-49B8-4E23-94A3-56771DA6D6A3}.Release|Any CPU.ActiveCfg = Release|Any CPU
		{250B6A83-49B8-4E23-94A3-56771DA6D6A3}.Release|Any CPU.Build.0 = Release|Any CPU
	EndGlobalSection
	GlobalSection(SolutionProperties) = preSolution
		HideSolutionNode = FALSE
	EndGlobalSection
	GlobalSection(ExtensibilityGlobals) = postSolution
		SolutionGuid = {90E84938-54EB-4BD7-BE05-301211083CBB}
	EndGlobalSection
EndGlobal
